Microsoft Visual Studio Solution File, Format Version 12.00
# Visual Studio Version 17
VisualStudioVersion = 17.5.2.0
MinimumVisualStudioVersion = 10.0.40219.1
Project("{FAE04EC0-301F-11D3-BF4B-00C04F79EFBC}") = "pharmacyInventory", "pharmacyInventory.csproj", "{39F10A96-1BA7-83B8-D4DB-3F71E102FE36}"
EndProject
Global
	GlobalSection(SolutionConfigurationPlatforms) = preSolution
		Debug|Any CPU = Debug|Any CPU
		Release|Any CPU = Release|Any CPU
	EndGlobalSection
	GlobalSection(ProjectConfigurationPlatforms) = postSolution
		{39F10A96-1BA7-83B8-D4DB-3F71E102FE36}.Debug|Any CPU.ActiveCfg = Debug|Any CPU
		{39F10A96-1BA7-83B8-D4DB-3F71E102FE36}.Debug|Any CPU.Build.0 = Debug|Any CPU
		{39F10A96-1BA7-83B8-D4DB-3F71E102FE36}.Release|Any CPU.ActiveCfg = Release|Any CPU
		{39F10A96-1BA7-83B8-D4DB-3F71E102FE36}.Release|Any CPU.Build.0 = Release|Any CPU
	EndGlobalSection
	GlobalSection(SolutionProperties) = preSolution
		HideSolutionNode = FALSE
	EndGlobalSection
	GlobalSection(ExtensibilityGlobals) = postSolution
		SolutionGuid = {0F8670D5-628E-4AD3-8CF1-2803D75A853B}
	EndGlobalSection
EndGlobal
